
Microsoft Visual Studio Solution File, Format Version 12.00
# Visual Studio Version 16
VisualStudioVersion = 16.0.31112.23
MinimumVisualStudioVersion = 10.0.40219.1
Project("{888888A0-9F3D-457C-B088-3A5042F75D52}") = "macro-brillouin-daq", "macro-brillouin-daq.pyproj", "{1564EE56-1B88-4AFC-8A0D-05D70915E55A}"
EndProject
Global
	GlobalSection(SolutionConfigurationPlatforms) = preSolution
		Debug|Any CPU = Debug|Any CPU
		Release|Any CPU = Release|Any CPU
	EndGlobalSection
	GlobalSection(ProjectConfigurationPlatforms) = postSolution
		{1564EE56-1B88-4AFC-8A0D-05D70915E55A}.Debug|Any CPU.ActiveCfg = Debug|Any CPU
		{1564EE56-1B88-4AFC-8A0D-05D70915E55A}.Release|Any CPU.ActiveCfg = Release|Any CPU
	EndGlobalSection
	GlobalSection(SolutionProperties) = preSolution
		HideSolutionNode = FALSE
	EndGlobalSection
	GlobalSection(ExtensibilityGlobals) = postSolution
		SolutionGuid = {24DE0D54-1027-482C-9C62-C67EDC42AB06}
	EndGlobalSection
EndGlobal
